
Microsoft Visual Studio Solution File, Format Version 12.00
# Visual Studio 15
VisualStudioVersion = 15.0.27703.2018
MinimumVisualStudioVersion = 10.0.40219.1
Project("{FAE04EC0-301F-11D3-BF4B-00C04F79EFBC}") = "CandlestickChartExample", "CandlestickChartExample.csproj", "{586D295C-0126-401C-A652-8F9834D87D60}"
EndProject
Global
	GlobalSection(SolutionConfigurationPlatforms) = preSolution
		Debug|x86 = Debug|x86
	EndGlobalSection
	GlobalSection(ProjectConfigurationPlatforms) = postSolution
		{586D295C-0126-401C-A652-8F9834D87D60}.Debug|x86.ActiveCfg = Debug|x86
		{586D295C-0126-401C-A652-8F9834D87D60}.Debug|x86.Build.0 = Debug|x86
	EndGlobalSection
	GlobalSection(SolutionProperties) = preSolution
		HideSolutionNode = FALSE
	EndGlobalSection
	GlobalSection(ExtensibilityGlobals) = postSolution
		SolutionGuid = {51DB6BEA-837C-4114-9078-E6A5899DB345}
	EndGlobalSection
EndGlobal
